
Microsoft Visual Studio Solution File, Format Version 12.00
# Visual Studio Version 17
VisualStudioVersion = 17.7.34024.191
MinimumVisualStudioVersion = 10.0.40219.1
Project("{FAE04EC0-301F-11D3-BF4B-00C04F79EFBC}") = "C#8_var", "C#8_var.csproj", "{9D647E06-D74D-4D56-A612-B75D07A2668B}"
EndProject
Global
	GlobalSection(SolutionConfigurationPlatforms) = preSolution
		Debug|Any CPU = Debug|Any CPU
		Release|Any CPU = Release|Any CPU
	EndGlobalSection
	GlobalSection(ProjectConfigurationPlatforms) = postSolution
		{9D647E06-D74D-4D56-A612-B75D07A2668B}.Debug|Any CPU.ActiveCfg = Debug|Any CPU
		{9D647E06-D74D-4D56-A612-B75D07A2668B}.Debug|Any CPU.Build.0 = Debug|Any CPU
		{9D647E06-D74D-4D56-A612-B75D07A2668B}.Release|Any CPU.ActiveCfg = Release|Any CPU
		{9D647E06-D74D-4D56-A612-B75D07A2668B}.Release|Any CPU.Build.0 = Release|Any CPU
	EndGlobalSection
	GlobalSection(SolutionProperties) = preSolution
		HideSolutionNode = FALSE
	EndGlobalSection
	GlobalSection(ExtensibilityGlobals) = postSolution
		SolutionGuid = {83BAEDBD-4E3B-4230-8953-213208AE0269}
	EndGlobalSection
EndGlobal
