
Microsoft Visual Studio Solution File, Format Version 12.00
# Visual Studio Version 17
VisualStudioVersion = 17.7.34024.191
MinimumVisualStudioVersion = 10.0.40219.1
Project("{FAE04EC0-301F-11D3-BF4B-00C04F79EFBC}") = "C#6_network01", "C#6_network01.csproj", "{235D224B-4BB2-43BD-B3B5-F259FBEFA8F6}"
EndProject
Project("{FAE04EC0-301F-11D3-BF4B-00C04F79EFBC}") = "C#6_network02", "..\C#6_network02\C#6_network02.csproj", "{54CD8D52-30A1-4108-9A6A-12FF03D82490}"
EndProject
Project("{FAE04EC0-301F-11D3-BF4B-00C04F79EFBC}") = "C#6_network03", "..\C#6_network03\C#6_network03.csproj", "{20E96558-5994-4175-8A6A-16C0EE2C04BA}"
EndProject
Global
	GlobalSection(SolutionConfigurationPlatforms) = preSolution
		Debug|Any CPU = Debug|Any CPU
		Release|Any CPU = Release|Any CPU
	EndGlobalSection
	GlobalSection(ProjectConfigurationPlatforms) = postSolution
		{235D224B-4BB2-43BD-B3B5-F259FBEFA8F6}.Debug|Any CPU.ActiveCfg = Debug|Any CPU
		{235D224B-4BB2-43BD-B3B5-F259FBEFA8F6}.Debug|Any CPU.Build.0 = Debug|Any CPU
		{235D224B-4BB2-43BD-B3B5-F259FBEFA8F6}.Release|Any CPU.ActiveCfg = Release|Any CPU
		{235D224B-4BB2-43BD-B3B5-F259FBEFA8F6}.Release|Any CPU.Build.0 = Release|Any CPU
		{54CD8D52-30A1-4108-9A6A-12FF03D82490}.Debug|Any CPU.ActiveCfg = Debug|Any CPU
		{54CD8D52-30A1-4108-9A6A-12FF03D82490}.Debug|Any CPU.Build.0 = Debug|Any CPU
		{54CD8D52-30A1-4108-9A6A-12FF03D82490}.Release|Any CPU.ActiveCfg = Release|Any CPU
		{54CD8D52-30A1-4108-9A6A-12FF03D82490}.Release|Any CPU.Build.0 = Release|Any CPU
		{20E96558-5994-4175-8A6A-16C0EE2C04BA}.Debug|Any CPU.ActiveCfg = Debug|Any CPU
		{20E96558-5994-4175-8A6A-16C0EE2C04BA}.Debug|Any CPU.Build.0 = Debug|Any CPU
		{20E96558-5994-4175-8A6A-16C0EE2C04BA}.Release|Any CPU.ActiveCfg = Release|Any CPU
		{20E96558-5994-4175-8A6A-16C0EE2C04BA}.Release|Any CPU.Build.0 = Release|Any CPU
	EndGlobalSection
	GlobalSection(SolutionProperties) = preSolution
		HideSolutionNode = FALSE
	EndGlobalSection
	GlobalSection(ExtensibilityGlobals) = postSolution
		SolutionGuid = {9CC5272E-5B99-4DF5-853D-D92282EC34BC}
	EndGlobalSection
EndGlobal
