
Microsoft Visual Studio Solution File, Format Version 12.00
# Visual Studio Version 17
VisualStudioVersion = 17.7.34024.191
MinimumVisualStudioVersion = 10.0.40219.1
Project("{9A19103F-16F7-4668-BE54-9A1E7A4F7556}") = "WpfApp1", "WpfApp1.csproj", "{34E9F820-66C9-496B-9ADC-52C4D4C731D5}"
EndProject
Project("{54435603-DBB4-11D2-8724-00A0C9A8B90C}") = "Setup1", "..\Setup1\Setup1.vdproj", "{E852EFFA-8288-47E8-A8AA-BF054B5A7556}"
EndProject
Global
	GlobalSection(SolutionConfigurationPlatforms) = preSolution
		Debug|Any CPU = Debug|Any CPU
		Release|Any CPU = Release|Any CPU
	EndGlobalSection
	GlobalSection(ProjectConfigurationPlatforms) = postSolution
		{34E9F820-66C9-496B-9ADC-52C4D4C731D5}.Debug|Any CPU.ActiveCfg = Debug|Any CPU
		{34E9F820-66C9-496B-9ADC-52C4D4C731D5}.Debug|Any CPU.Build.0 = Debug|Any CPU
		{34E9F820-66C9-496B-9ADC-52C4D4C731D5}.Release|Any CPU.ActiveCfg = Release|Any CPU
		{34E9F820-66C9-496B-9ADC-52C4D4C731D5}.Release|Any CPU.Build.0 = Release|Any CPU
		{E852EFFA-8288-47E8-A8AA-BF054B5A7556}.Debug|Any CPU.ActiveCfg = Debug
		{E852EFFA-8288-47E8-A8AA-BF054B5A7556}.Release|Any CPU.ActiveCfg = Release
	EndGlobalSection
	GlobalSection(SolutionProperties) = preSolution
		HideSolutionNode = FALSE
	EndGlobalSection
	GlobalSection(ExtensibilityGlobals) = postSolution
		SolutionGuid = {D7D72E83-D3D5-4FE7-BCB0-4C0865192FA9}
	EndGlobalSection
EndGlobal
