
Microsoft Visual Studio Solution File, Format Version 12.00
# Visual Studio Version 17
VisualStudioVersion = 17.7.34024.191
MinimumVisualStudioVersion = 10.0.40219.1
Project("{FAE04EC0-301F-11D3-BF4B-00C04F79EFBC}") = "C#6_0906", "C#6_0906.csproj", "{AF530385-36BD-44A3-BC50-2A329EBA3365}"
EndProject
Project("{FAE04EC0-301F-11D3-BF4B-00C04F79EFBC}") = "C#6_0906b", "..\C#6_0906b\C#6_0906b.csproj", "{C9EF0A49-2A75-471C-8418-0B8EE5E85CC3}"
EndProject
Project("{FAE04EC0-301F-11D3-BF4B-00C04F79EFBC}") = "C#6_0906c", "..\C#_0906c\C#6_0906c.csproj", "{120B8D07-F43A-44F1-876B-41542E2E5F17}"
EndProject
Project("{FAE04EC0-301F-11D3-BF4B-00C04F79EFBC}") = "C#6_0906d", "..\C#6_0906d\C#6_0906d.csproj", "{9467F877-6333-454B-84E8-E687801F07D6}"
EndProject
Project("{FAE04EC0-301F-11D3-BF4B-00C04F79EFBC}") = "C#6_0906e", "..\C#6_0906e\C#6_0906e.csproj", "{B1422F2C-43EE-4016-8569-FF3BF7EDB33D}"
EndProject
Global
	GlobalSection(SolutionConfigurationPlatforms) = preSolution
		Debug|Any CPU = Debug|Any CPU
		Release|Any CPU = Release|Any CPU
	EndGlobalSection
	GlobalSection(ProjectConfigurationPlatforms) = postSolution
		{AF530385-36BD-44A3-BC50-2A329EBA3365}.Debug|Any CPU.ActiveCfg = Debug|Any CPU
		{AF530385-36BD-44A3-BC50-2A329EBA3365}.Debug|Any CPU.Build.0 = Debug|Any CPU
		{AF530385-36BD-44A3-BC50-2A329EBA3365}.Release|Any CPU.ActiveCfg = Release|Any CPU
		{AF530385-36BD-44A3-BC50-2A329EBA3365}.Release|Any CPU.Build.0 = Release|Any CPU
		{C9EF0A49-2A75-471C-8418-0B8EE5E85CC3}.Debug|Any CPU.ActiveCfg = Debug|Any CPU
		{C9EF0A49-2A75-471C-8418-0B8EE5E85CC3}.Debug|Any CPU.Build.0 = Debug|Any CPU
		{C9EF0A49-2A75-471C-8418-0B8EE5E85CC3}.Release|Any CPU.ActiveCfg = Release|Any CPU
		{C9EF0A49-2A75-471C-8418-0B8EE5E85CC3}.Release|Any CPU.Build.0 = Release|Any CPU
		{120B8D07-F43A-44F1-876B-41542E2E5F17}.Debug|Any CPU.ActiveCfg = Debug|Any CPU
		{120B8D07-F43A-44F1-876B-41542E2E5F17}.Debug|Any CPU.Build.0 = Debug|Any CPU
		{120B8D07-F43A-44F1-876B-41542E2E5F17}.Release|Any CPU.ActiveCfg = Release|Any CPU
		{120B8D07-F43A-44F1-876B-41542E2E5F17}.Release|Any CPU.Build.0 = Release|Any CPU
		{9467F877-6333-454B-84E8-E687801F07D6}.Debug|Any CPU.ActiveCfg = Debug|Any CPU
		{9467F877-6333-454B-84E8-E687801F07D6}.Debug|Any CPU.Build.0 = Debug|Any CPU
		{9467F877-6333-454B-84E8-E687801F07D6}.Release|Any CPU.ActiveCfg = Release|Any CPU
		{9467F877-6333-454B-84E8-E687801F07D6}.Release|Any CPU.Build.0 = Release|Any CPU
		{B1422F2C-43EE-4016-8569-FF3BF7EDB33D}.Debug|Any CPU.ActiveCfg = Debug|Any CPU
		{B1422F2C-43EE-4016-8569-FF3BF7EDB33D}.Debug|Any CPU.Build.0 = Debug|Any CPU
		{B1422F2C-43EE-4016-8569-FF3BF7EDB33D}.Release|Any CPU.ActiveCfg = Release|Any CPU
		{B1422F2C-43EE-4016-8569-FF3BF7EDB33D}.Release|Any CPU.Build.0 = Release|Any CPU
	EndGlobalSection
	GlobalSection(SolutionProperties) = preSolution
		HideSolutionNode = FALSE
	EndGlobalSection
	GlobalSection(ExtensibilityGlobals) = postSolution
		SolutionGuid = {D5694DAB-BD64-4DE7-B917-089CC1EF7B3A}
	EndGlobalSection
EndGlobal
