
Microsoft Visual Studio Solution File, Format Version 12.00
# Visual Studio Version 17
VisualStudioVersion = 17.7.34024.191
MinimumVisualStudioVersion = 10.0.40219.1
Project("{FAE04EC0-301F-11D3-BF4B-00C04F79EFBC}") = "g0906", "g0906.csproj", "{9DC0C33F-876C-41A6-9BD9-D9D0F0758347}"
EndProject
Project("{FAE04EC0-301F-11D3-BF4B-00C04F79EFBC}") = "lib2", "..\lib2\lib2.csproj", "{02F8009D-3D98-41F8-A375-9F870AD18A8D}"
EndProject
Global
	GlobalSection(SolutionConfigurationPlatforms) = preSolution
		Debug|Any CPU = Debug|Any CPU
		Release|Any CPU = Release|Any CPU
	EndGlobalSection
	GlobalSection(ProjectConfigurationPlatforms) = postSolution
		{9DC0C33F-876C-41A6-9BD9-D9D0F0758347}.Debug|Any CPU.ActiveCfg = Debug|Any CPU
		{9DC0C33F-876C-41A6-9BD9-D9D0F0758347}.Debug|Any CPU.Build.0 = Debug|Any CPU
		{9DC0C33F-876C-41A6-9BD9-D9D0F0758347}.Release|Any CPU.ActiveCfg = Release|Any CPU
		{9DC0C33F-876C-41A6-9BD9-D9D0F0758347}.Release|Any CPU.Build.0 = Release|Any CPU
		{02F8009D-3D98-41F8-A375-9F870AD18A8D}.Debug|Any CPU.ActiveCfg = Debug|Any CPU
		{02F8009D-3D98-41F8-A375-9F870AD18A8D}.Debug|Any CPU.Build.0 = Debug|Any CPU
		{02F8009D-3D98-41F8-A375-9F870AD18A8D}.Release|Any CPU.ActiveCfg = Release|Any CPU
		{02F8009D-3D98-41F8-A375-9F870AD18A8D}.Release|Any CPU.Build.0 = Release|Any CPU
	EndGlobalSection
	GlobalSection(SolutionProperties) = preSolution
		HideSolutionNode = FALSE
	EndGlobalSection
	GlobalSection(ExtensibilityGlobals) = postSolution
		SolutionGuid = {69F79958-5DAC-4575-9CFD-DFF69061ACE2}
	EndGlobalSection
EndGlobal
