
Microsoft Visual Studio Solution File, Format Version 12.00
# Visual Studio Version 17
VisualStudioVersion = 17.7.34024.191
MinimumVisualStudioVersion = 10.0.40219.1
Project("{FAE04EC0-301F-11D3-BF4B-00C04F79EFBC}") = "study05_01", "study05_01\study05_01.csproj", "{2FA8E9B1-C8AC-4B8A-9EEC-6E0FF8931D71}"
EndProject
Project("{FAE04EC0-301F-11D3-BF4B-00C04F79EFBC}") = "study05", "study05\study05.csproj", "{7526F3B0-F1FD-49C9-AB34-5AADFE120A82}"
EndProject
Global
	GlobalSection(SolutionConfigurationPlatforms) = preSolution
		Debug|Any CPU = Debug|Any CPU
		Release|Any CPU = Release|Any CPU
	EndGlobalSection
	GlobalSection(ProjectConfigurationPlatforms) = postSolution
		{2FA8E9B1-C8AC-4B8A-9EEC-6E0FF8931D71}.Debug|Any CPU.ActiveCfg = Debug|Any CPU
		{2FA8E9B1-C8AC-4B8A-9EEC-6E0FF8931D71}.Debug|Any CPU.Build.0 = Debug|Any CPU
		{2FA8E9B1-C8AC-4B8A-9EEC-6E0FF8931D71}.Release|Any CPU.ActiveCfg = Release|Any CPU
		{2FA8E9B1-C8AC-4B8A-9EEC-6E0FF8931D71}.Release|Any CPU.Build.0 = Release|Any CPU
		{7526F3B0-F1FD-49C9-AB34-5AADFE120A82}.Debug|Any CPU.ActiveCfg = Debug|Any CPU
		{7526F3B0-F1FD-49C9-AB34-5AADFE120A82}.Debug|Any CPU.Build.0 = Debug|Any CPU
		{7526F3B0-F1FD-49C9-AB34-5AADFE120A82}.Release|Any CPU.ActiveCfg = Release|Any CPU
		{7526F3B0-F1FD-49C9-AB34-5AADFE120A82}.Release|Any CPU.Build.0 = Release|Any CPU
	EndGlobalSection
	GlobalSection(SolutionProperties) = preSolution
		HideSolutionNode = FALSE
	EndGlobalSection
	GlobalSection(ExtensibilityGlobals) = postSolution
		SolutionGuid = {4E39037D-1828-49EF-A4F1-B0D2AA03A173}
	EndGlobalSection
EndGlobal
