
Microsoft Visual Studio Solution File, Format Version 12.00
# Visual Studio Version 17
VisualStudioVersion = 17.7.34024.191
MinimumVisualStudioVersion = 10.0.40219.1
Project("{FAE04EC0-301F-11D3-BF4B-00C04F79EFBC}") = "C#_delegate", "C#_delegate.csproj", "{B4194C40-FA2C-4305-90BF-F57856419A8D}"
EndProject
Project("{FAE04EC0-301F-11D3-BF4B-00C04F79EFBC}") = "C#_delegate_combine", "..\C#_delegate_combine\C#_delegate_combine.csproj", "{269D3AD0-18C0-48B7-A8D5-449539D77BFE}"
EndProject
Project("{FAE04EC0-301F-11D3-BF4B-00C04F79EFBC}") = "C#_delegate_event", "..\C#_delegate_event\C#_delegate_event.csproj", "{CAD362C7-48F5-47D8-A550-15CEB2668967}"
EndProject
Global
	GlobalSection(SolutionConfigurationPlatforms) = preSolution
		Debug|Any CPU = Debug|Any CPU
		Release|Any CPU = Release|Any CPU
	EndGlobalSection
	GlobalSection(ProjectConfigurationPlatforms) = postSolution
		{B4194C40-FA2C-4305-90BF-F57856419A8D}.Debug|Any CPU.ActiveCfg = Debug|Any CPU
		{B4194C40-FA2C-4305-90BF-F57856419A8D}.Debug|Any CPU.Build.0 = Debug|Any CPU
		{B4194C40-FA2C-4305-90BF-F57856419A8D}.Release|Any CPU.ActiveCfg = Release|Any CPU
		{B4194C40-FA2C-4305-90BF-F57856419A8D}.Release|Any CPU.Build.0 = Release|Any CPU
		{269D3AD0-18C0-48B7-A8D5-449539D77BFE}.Debug|Any CPU.ActiveCfg = Debug|Any CPU
		{269D3AD0-18C0-48B7-A8D5-449539D77BFE}.Debug|Any CPU.Build.0 = Debug|Any CPU
		{269D3AD0-18C0-48B7-A8D5-449539D77BFE}.Release|Any CPU.ActiveCfg = Release|Any CPU
		{269D3AD0-18C0-48B7-A8D5-449539D77BFE}.Release|Any CPU.Build.0 = Release|Any CPU
		{CAD362C7-48F5-47D8-A550-15CEB2668967}.Debug|Any CPU.ActiveCfg = Debug|Any CPU
		{CAD362C7-48F5-47D8-A550-15CEB2668967}.Debug|Any CPU.Build.0 = Debug|Any CPU
		{CAD362C7-48F5-47D8-A550-15CEB2668967}.Release|Any CPU.ActiveCfg = Release|Any CPU
		{CAD362C7-48F5-47D8-A550-15CEB2668967}.Release|Any CPU.Build.0 = Release|Any CPU
	EndGlobalSection
	GlobalSection(SolutionProperties) = preSolution
		HideSolutionNode = FALSE
	EndGlobalSection
	GlobalSection(ExtensibilityGlobals) = postSolution
		SolutionGuid = {9E5CD0FC-7B53-40C4-BB1A-98843078F3AD}
	EndGlobalSection
EndGlobal
