
Microsoft Visual Studio Solution File, Format Version 12.00
# Visual Studio Version 17
VisualStudioVersion = 17.7.34024.191
MinimumVisualStudioVersion = 10.0.40219.1
Project("{FAE04EC0-301F-11D3-BF4B-00C04F79EFBC}") = "study01", "study01\study01.csproj", "{79B363C4-4CC8-43C1-8DFE-E18957CCDCF6}"
EndProject
Global
	GlobalSection(SolutionConfigurationPlatforms) = preSolution
		Debug|Any CPU = Debug|Any CPU
		Release|Any CPU = Release|Any CPU
	EndGlobalSection
	GlobalSection(ProjectConfigurationPlatforms) = postSolution
		{79B363C4-4CC8-43C1-8DFE-E18957CCDCF6}.Debug|Any CPU.ActiveCfg = Debug|Any CPU
		{79B363C4-4CC8-43C1-8DFE-E18957CCDCF6}.Debug|Any CPU.Build.0 = Debug|Any CPU
		{79B363C4-4CC8-43C1-8DFE-E18957CCDCF6}.Release|Any CPU.ActiveCfg = Release|Any CPU
		{79B363C4-4CC8-43C1-8DFE-E18957CCDCF6}.Release|Any CPU.Build.0 = Release|Any CPU
	EndGlobalSection
	GlobalSection(SolutionProperties) = preSolution
		HideSolutionNode = FALSE
	EndGlobalSection
	GlobalSection(ExtensibilityGlobals) = postSolution
		SolutionGuid = {8E8BE4C8-D58A-4205-9B53-C5E1A5C84564}
	EndGlobalSection
EndGlobal
